
Microsoft Visual Studio Solution File, Format Version 11.00
# Visual C++ Express 2010
Project("{8BC9CEB8-8B4A-11D0-8D11-00A0C91BC942}") = "ExploreGameEngine", "ExploreGameEngine\ExploreGameEngine.vcxproj", "{6D70EF63-458B-4434-9514-2E538D64DB00}"
EndProject
Global
	GlobalSection(SolutionConfigurationPlatforms) = preSolution
		Debug|Win32 = Debug|Win32
		Release|Win32 = Release|Win32
	EndGlobalSection
	GlobalSection(ProjectConfigurationPlatforms) = postSolution
		{6D70EF63-458B-4434-9514-2E538D64DB00}.Debug|Win32.ActiveCfg = Debug|Win32
		{6D70EF63-458B-4434-9514-2E538D64DB00}.Debug|Win32.Build.0 = Debug|Win32
		{6D70EF63-458B-4434-9514-2E538D64DB00}.Release|Win32.ActiveCfg = Release|Win32
		{6D70EF63-458B-4434-9514-2E538D64DB00}.Release|Win32.Build.0 = Release|Win32
	EndGlobalSection
	GlobalSection(SolutionProperties) = preSolution
		HideSolutionNode = FALSE
	EndGlobalSection
EndGlobal
