<?xml version="1.0" encoding="utf-8"?>
<Project ToolsVersion="4.0" xmlns="http://schemas.microsoft.com/developer/msbuild/2003">
  <ItemGroup>
    <Filter Include="Source Files">
      <UniqueIdentifier>{4FC737F1-C7A5-4376-A066-2A32D752A2FF}</UniqueIdentifier>
      <Extensions>cpp;c;cc;cxx;def;odl;idl;hpj;bat;asm;asmx</Extensions>
    </Filter>
    <Filter Include="Header Files">
      <UniqueIdentifier>{93995380-89BD-4b04-88EB-625FBE52EBFB}</UniqueIdentifier>
      <Extensions>h;hpp;hxx;hm;inl;inc;xsd</Extensions>
    </Filter>
    <Filter Include="Resource Files">
      <UniqueIdentifier>{67DA6AB6-F800-4c08-8B7A-83BB121AAD01}</UniqueIdentifier>
      <Extensions>rc;ico;cur;bmp;dlg;rc2;rct;bin;rgs;gif;jpg;jpeg;jpe;resx;tiff;tif;png;wav;mfcribbon-ms</Extensions>
    </Filter>
    <Filter Include="Header Files\states">
      <UniqueIdentifier>{3f2b389a-b7c0-4ea2-8039-56d5c64a84c2}</UniqueIdentifier>
    </Filter>
    <Filter Include="Header Files\states\menus">
      <UniqueIdentifier>{24b7c745-47f6-40bc-8449-92743f4864d5}</UniqueIdentifier>
    </Filter>
    <Filter Include="Source Files\states">
      <UniqueIdentifier>{22f6d8e1-dfb8-44ac-aaa3-aef204cf1041}</UniqueIdentifier>
    </Filter>
    <Filter Include="Source Files\states\menus">
      <UniqueIdentifier>{e079a231-a77b-4b90-a926-299038f5dc4d}</UniqueIdentifier>
    </Filter>
    <Filter Include="Header Files\irrlicht">
      <UniqueIdentifier>{25ca1772-43e9-49e6-9124-b36860bf615a}</UniqueIdentifier>
    </Filter>
    <Filter Include="Source Files\irrlicht">
      <UniqueIdentifier>{ec4f1925-027a-46a6-b2b8-5fccabde7c9f}</UniqueIdentifier>
    </Filter>
    <Filter Include="Header Files\side systems">
      <UniqueIdentifier>{bb88678a-ac2f-490a-9da2-7565b75802a9}</UniqueIdentifier>
    </Filter>
    <Filter Include="Source Files\side systems">
      <UniqueIdentifier>{e8f033f5-b43c-48f2-9869-d12c8923eb58}</UniqueIdentifier>
    </Filter>
    <Filter Include="Header Files\states\gameplay">
      <UniqueIdentifier>{e700102c-1866-49eb-b77a-522f560de29d}</UniqueIdentifier>
    </Filter>
    <Filter Include="Source Files\states\gameplay">
      <UniqueIdentifier>{d5f891a4-7d90-4ef7-a591-1373380021f9}</UniqueIdentifier>
    </Filter>
    <Filter Include="Header Files\states\loading">
      <UniqueIdentifier>{597c20e5-5e37-491d-9361-6c5eb3143aaf}</UniqueIdentifier>
    </Filter>
    <Filter Include="Source Files\states\loading">
      <UniqueIdentifier>{4ce88553-1c3d-4f3f-9f25-3b103f31e267}</UniqueIdentifier>
    </Filter>
    <Filter Include="Header Files\gameplay logic">
      <UniqueIdentifier>{264c7353-2db5-438d-85f1-bfadd828e552}</UniqueIdentifier>
    </Filter>
    <Filter Include="Header Files\gameplay logic\levels">
      <UniqueIdentifier>{6980bb75-9fa1-4f8c-a764-cea9cd76dac1}</UniqueIdentifier>
    </Filter>
    <Filter Include="Source Files\gameplay logic">
      <UniqueIdentifier>{eadd4df7-3155-4178-b034-e5e9defef115}</UniqueIdentifier>
    </Filter>
    <Filter Include="Source Files\gameplay logic\levels">
      <UniqueIdentifier>{1ff0fbe4-8a30-4dbb-8c9c-5ea307140a50}</UniqueIdentifier>
    </Filter>
    <Filter Include="Header Files\gameplay logic\manager">
      <UniqueIdentifier>{f0a17af9-8fc7-41b4-9d52-c9e786103d68}</UniqueIdentifier>
    </Filter>
    <Filter Include="Source Files\gameplay logic\manager">
      <UniqueIdentifier>{74d50989-9d74-4254-ae45-f138bcd7f2ce}</UniqueIdentifier>
    </Filter>
  </ItemGroup>
  <ItemGroup>
    <ClCompile Include="source\main.cpp">
      <Filter>Source Files</Filter>
    </ClCompile>
    <ClCompile Include="source\engine.cpp">
      <Filter>Source Files</Filter>
    </ClCompile>
    <ClCompile Include="source\custom_event_receiver.cpp">
      <Filter>Source Files\irrlicht</Filter>
    </ClCompile>
    <ClCompile Include="source\gameplay_state.cpp">
      <Filter>Source Files\states\gameplay</Filter>
    </ClCompile>
    <ClCompile Include="source\main_menu_state.cpp">
      <Filter>Source Files\states\menus</Filter>
    </ClCompile>
    <ClCompile Include="source\log.cpp">
      <Filter>Source Files\side systems</Filter>
    </ClCompile>
    <ClCompile Include="source\lua_wrapper.cpp">
      <Filter>Source Files\side systems</Filter>
    </ClCompile>
    <ClCompile Include="source\utils.cpp">
      <Filter>Source Files\side systems</Filter>
    </ClCompile>
    <ClCompile Include="source\level.cpp">
      <Filter>Source Files\gameplay logic\levels</Filter>
    </ClCompile>
    <ClCompile Include="source\gameplay_manager.cpp">
      <Filter>Source Files\gameplay logic\manager</Filter>
    </ClCompile>
    <ClCompile Include="source\lua_functions.cpp">
      <Filter>Source Files\states\gameplay</Filter>
    </ClCompile>
  </ItemGroup>
  <ItemGroup>
    <ClInclude Include="source\engine.h">
      <Filter>Header Files</Filter>
    </ClInclude>
    <ClInclude Include="source\game_state.h">
      <Filter>Header Files\states</Filter>
    </ClInclude>
    <ClInclude Include="source\custom_event_receiver.h">
      <Filter>Header Files\irrlicht</Filter>
    </ClInclude>
    <ClInclude Include="source\gameplay_state.h">
      <Filter>Header Files\states\gameplay</Filter>
    </ClInclude>
    <ClInclude Include="source\log.h">
      <Filter>Header Files\side systems</Filter>
    </ClInclude>
    <ClInclude Include="source\lua_wrapper.h">
      <Filter>Header Files\side systems</Filter>
    </ClInclude>
    <ClInclude Include="source\utils.h">
      <Filter>Header Files\side systems</Filter>
    </ClInclude>
    <ClInclude Include="source\main_menu_state.h">
      <Filter>Header Files\states\menus</Filter>
    </ClInclude>
    <ClInclude Include="source\level.h">
      <Filter>Header Files\gameplay logic\levels</Filter>
    </ClInclude>
    <ClInclude Include="source\gameplay_manager.h">
      <Filter>Header Files\gameplay logic\manager</Filter>
    </ClInclude>
  </ItemGroup>
</Project>