<?xml version="1.0" encoding="utf-8"?>
<Project ToolsVersion="4.0" xmlns="http://schemas.microsoft.com/developer/msbuild/2003">
  <ItemGroup>
    <Filter Include="Source Files">
      <UniqueIdentifier>{4FC737F1-C7A5-4376-A066-2A32D752A2FF}</UniqueIdentifier>
      <Extensions>cpp;c;cc;cxx;def;odl;idl;hpj;bat;asm;asmx</Extensions>
    </Filter>
    <Filter Include="Header Files">
      <UniqueIdentifier>{93995380-89BD-4b04-88EB-625FBE52EBFB}</UniqueIdentifier>
      <Extensions>h;hpp;hxx;hm;inl;inc;xsd</Extensions>
    </Filter>
    <Filter Include="Resource Files">
      <UniqueIdentifier>{67DA6AB6-F800-4c08-8B7A-83BB121AAD01}</UniqueIdentifier>
      <Extensions>rc;ico;cur;bmp;dlg;rc2;rct;bin;rgs;gif;jpg;jpeg;jpe;resx;tiff;tif;png;wav;mfcribbon-ms</Extensions>
    </Filter>
    <Filter Include="Header Files\map files">
      <UniqueIdentifier>{2c5f302b-8a20-47fe-8af0-f7c19cfb35fc}</UniqueIdentifier>
    </Filter>
    <Filter Include="Source Files\map files">
      <UniqueIdentifier>{3ab69bff-93a3-4ce2-85a2-51849ad0ea0f}</UniqueIdentifier>
    </Filter>
    <Filter Include="Header Files\globals">
      <UniqueIdentifier>{d95a887a-d15b-488a-9b78-7b7db1f0a19c}</UniqueIdentifier>
    </Filter>
    <Filter Include="Header Files\utilities">
      <UniqueIdentifier>{e2e81013-4bc4-45da-a97d-ec4688aba844}</UniqueIdentifier>
    </Filter>
    <Filter Include="Header Files\utilities\general">
      <UniqueIdentifier>{731db987-b26a-4a59-8664-66ee77bb338c}</UniqueIdentifier>
    </Filter>
    <Filter Include="Header Files\utilities\logging">
      <UniqueIdentifier>{e11d05d9-d496-4168-8516-1a5958521f2f}</UniqueIdentifier>
    </Filter>
    <Filter Include="Source Files\utilities">
      <UniqueIdentifier>{3bac89f2-27c7-40aa-9372-820ee388e262}</UniqueIdentifier>
    </Filter>
    <Filter Include="Source Files\utilities\general">
      <UniqueIdentifier>{719167e3-8679-4cc0-aa56-fde6b2e9b8c9}</UniqueIdentifier>
    </Filter>
    <Filter Include="Source Files\utilities\logging">
      <UniqueIdentifier>{0886bb13-dc5d-4953-ad20-4f68d1f93c38}</UniqueIdentifier>
    </Filter>
    <Filter Include="Source Files\Irrlicht shit">
      <UniqueIdentifier>{6106b4fe-be17-45d2-9c05-ebe1739431ea}</UniqueIdentifier>
    </Filter>
    <Filter Include="Source Files\Irrlicht shit\custom event receiver">
      <UniqueIdentifier>{1af78e59-0b33-4ff9-9c55-9b80cf659507}</UniqueIdentifier>
    </Filter>
    <Filter Include="Header Files\Irrlicht shit">
      <UniqueIdentifier>{d922ac4d-9866-4020-b1a1-c902463812e3}</UniqueIdentifier>
    </Filter>
    <Filter Include="Header Files\Irrlicht shit\custom event receiver">
      <UniqueIdentifier>{676dd70d-1932-48fe-8f77-ecc24923d707}</UniqueIdentifier>
    </Filter>
    <Filter Include="Header Files\game saves">
      <UniqueIdentifier>{d58ab8ba-2481-4d24-b6b8-94bd1153003e}</UniqueIdentifier>
    </Filter>
    <Filter Include="Source Files\game saves">
      <UniqueIdentifier>{e88c22e9-7ec9-48d1-9b47-76a50a0e8dce}</UniqueIdentifier>
    </Filter>
    <Filter Include="Header Files\gameplay management">
      <UniqueIdentifier>{fe2e7308-4ac9-4618-b6af-f75079b21449}</UniqueIdentifier>
    </Filter>
    <Filter Include="Source Files\gameplay management">
      <UniqueIdentifier>{bd52f5e4-46fb-4cab-b9db-1904d2ea81ee}</UniqueIdentifier>
    </Filter>
    <Filter Include="Header Files\lua">
      <UniqueIdentifier>{8fd4aa72-fffb-4d57-a73a-2fcffa7f5690}</UniqueIdentifier>
    </Filter>
    <Filter Include="Source Files\lua">
      <UniqueIdentifier>{0daaf1e2-6cdb-4e50-b9be-b11b5056f6b6}</UniqueIdentifier>
    </Filter>
  </ItemGroup>
  <ItemGroup>
    <ClCompile Include="source\main.cpp">
      <Filter>Source Files</Filter>
    </ClCompile>
    <ClCompile Include="source\event_receiver.cpp">
      <Filter>Source Files\Irrlicht shit\custom event receiver</Filter>
    </ClCompile>
    <ClCompile Include="source\eg_map.cpp">
      <Filter>Source Files\map files</Filter>
    </ClCompile>
    <ClCompile Include="source\log.cpp">
      <Filter>Source Files\utilities\logging</Filter>
    </ClCompile>
    <ClCompile Include="source\utils.cpp">
      <Filter>Source Files\utilities\general</Filter>
    </ClCompile>
    <ClCompile Include="source\save.cpp">
      <Filter>Source Files\game saves</Filter>
    </ClCompile>
    <ClCompile Include="source\game.cpp">
      <Filter>Source Files\gameplay management</Filter>
    </ClCompile>
    <ClCompile Include="source\lua_wrap.cpp">
      <Filter>Source Files\lua</Filter>
    </ClCompile>
  </ItemGroup>
  <ItemGroup>
    <ClInclude Include="source\event_receiver.h">
      <Filter>Header Files\Irrlicht shit\custom event receiver</Filter>
    </ClInclude>
    <ClInclude Include="source\eg_map.h">
      <Filter>Header Files\map files</Filter>
    </ClInclude>
    <ClInclude Include="source\log.h">
      <Filter>Header Files\utilities\logging</Filter>
    </ClInclude>
    <ClInclude Include="source\globals.h">
      <Filter>Header Files\globals</Filter>
    </ClInclude>
    <ClInclude Include="source\utils.h">
      <Filter>Header Files\utilities\general</Filter>
    </ClInclude>
    <ClInclude Include="source\save.h">
      <Filter>Header Files\game saves</Filter>
    </ClInclude>
    <ClInclude Include="source\game.h">
      <Filter>Header Files\gameplay management</Filter>
    </ClInclude>
    <ClInclude Include="source\lua_wrap.h">
      <Filter>Header Files\lua</Filter>
    </ClInclude>
  </ItemGroup>
</Project>